{
  "version": 4,
  "terraform_version": "0.14.4",
  "serial": 29,
  "lineage": "ea4fee1c-c498-c4b7-7621-ebc9508389af",
  "outputs": {},
  "resources": [
    {
      "mode": "managed",
      "type": "aws_instance",
      "name": "example",
      "provider": "provider[\"registry.terraform.io/hashicorp/aws\"]",
      "instances": [
        {
          "schema_version": 1,
          "attributes": {
            "ami": "ami-84556de5",
            "arn": "arn:aws-us-gov:ec2:us-gov-west-1:802296853414:instance/i-0c97bb936cf1539bc",
            "associate_public_ip_address": true,
            "availability_zone": "us-gov-west-1b",
            "cpu_core_count": 1,
            "cpu_threads_per_core": 1,
            "credit_specification": [
              {
                "cpu_credits": "standard"
              }
            ],
            "disable_api_termination": false,
            "ebs_block_device": [],
            "ebs_optimized": false,
            "ephemeral_block_device": [],
            "get_password_data": false,
            "hibernation": false,
            "host_id": null,
            "iam_instance_profile": "",
            "id": "i-0c97bb936cf1539bc",
            "instance_initiated_shutdown_behavior": null,
            "instance_state": "running",
            "instance_type": "t2.micro",
            "ipv6_address_count": 0,
            "ipv6_addresses": [],
            "key_name": "jf-timd-gov-keypair",
            "metadata_options": [
              {
                "http_endpoint": "enabled",
                "http_put_response_hop_limit": 1,
                "http_tokens": "optional"
              }
            ],
            "monitoring": false,
            "network_interface": [],
            "network_interface_id": null,
            "outpost_arn": "",
            "password_data": "",
            "placement_group": "",
            "primary_network_interface_id": "eni-029d328745b2d1907",
            "private_dns": "ip-172-31-32-84.us-gov-west-1.compute.internal",
            "private_ip": "172.31.32.84",
            "public_dns": "ec2-160-1-86-12.us-gov-west-1.compute.amazonaws.com",
            "public_ip": "160.1.86.12",
            "root_block_device": [
              {
                "delete_on_termination": true,
                "device_name": "/dev/sda1",
                "encrypted": false,
                "iops": 100,
                "kms_key_id": "",
                "volume_id": "vol-05791b22271b7796a",
                "volume_size": 8,
                "volume_type": "gp2"
              }
            ],
            "security_groups": [
              "default"
            ],
            "source_dest_check": true,
            "subnet_id": "subnet-4dad6304",
            "tags": null,
            "tenancy": "default",
            "timeouts": null,
            "user_data": null,
            "user_data_base64": null,
            "volume_tags": {},
            "vpc_security_group_ids": [
              "sg-7f051404"
            ]
          },
          "sensitive_attributes": [],
          "private": "eyJlMmJmYjczMC1lY2FhLTExZTYtOGY4OC0zNDM2M2JjN2M0YzAiOnsiY3JlYXRlIjo2MDAwMDAwMDAwMDAsImRlbGV0ZSI6MTIwMDAwMDAwMDAwMCwidXBkYXRlIjo2MDAwMDAwMDAwMDB9LCJzY2hlbWFfdmVyc2lvbiI6IjEifQ=="
        }
      ]
    },
    {
      "mode": "managed",
      "type": "aws_key_pair",
      "name": "jf-timd-gov-keypair",
      "provider": "provider[\"registry.terraform.io/hashicorp/aws\"]",
      "instances": [
        {
          "schema_version": 1,
          "attributes": {
            "arn": "arn:aws-us-gov:ec2:us-gov-west-1:802296853414:key-pair/jf-timd-gov-keypair",
            "fingerprint": "9d:2d:d4:f1:e9:1d:1e:d2:3b:80:02:a8:f1:02:e0:ce",
            "id": "jf-timd-gov-keypair",
            "key_name": "jf-timd-gov-keypair",
            "key_name_prefix": null,
            "key_pair_id": "key-067b8867d778e3ae8",
            "public_key": "ssh-rsa AAAAB3NzaC1yc2EAAAABIwAAAQEAvh1RdiRPJBeJzln/uoxbFQAUJXnbBXzmmw1VZMs4WVSH8FaKsFt3eoakhid5nCdY7EwdT7PE0H6ACyELu2GMYHZ3pJXrbyNG196XK4QUT8Cj7/iG6Onwj3esjT90BaBuSB/q1s9D6NzVumJc1WDKVUkF6JSe1mSK9tECgCc9Vu9YOg69/mZ63VJsTKlaLrjndtRowT1F8dWeNCU3pQGHxdfdesFwopWydEmfwuj0yzXw5HebJZWb0ju8ajdeW6bsyvYHnr5Vi0hJ9Hily74u7H6BSU25jjKOWND/v6jDY/nyyBdPvEsN3PEeiIrejnVWIeqKvhzmBWE7bdcFspIJvw== dunphy@BAM-025715-TD.local tdunphy@gmail.com",
            "tags": null
          },
          "sensitive_attributes": [],
          "private": "eyJzY2hlbWFfdmVyc2lvbiI6IjEifQ=="
        }
      ]
    }
  ]
}
